// !$*UTF8*$!
{
	archiveVersion = 1;
	classes = {
	};
	objectVersion = 56;
	objects = {

/* Begin PBXBuildFile section */
		13AA9DE029EED78200C5B569 /* listApiCombineApp.swift in Sources */ = {isa = PBXBuildFile; fileRef = 13AA9DDF29EED78200C5B569 /* listApiCombineApp.swift */; };
		13AA9DE229EED78200C5B569 /* ContentView.swift in Sources */ = {isa = PBXBuildFile; fileRef = 13AA9DE129EED78200C5B569 /* ContentView.swift */; };
		13AA9DE429EED78700C5B569 /* Assets.xcassets in Resources */ = {isa = PBXBuildFile; fileRef = 13AA9DE329EED78700C5B569 /* Assets.xcassets */; };
		13AA9DE729EED78700C5B569 /* Preview Assets.xcassets in Resources */ = {isa = PBXBuildFile; fileRef = 13AA9DE629EED78700C5B569 /* Preview Assets.xcassets */; };
		13AA9DF129EED78800C5B569 /* listApiCombineTests.swift in Sources */ = {isa = PBXBuildFile; fileRef = 13AA9DF029EED78800C5B569 /* listApiCombineTests.swift */; };
		13AA9DFB29EED78800C5B569 /* listApiCombineUITests.swift in Sources */ = {isa = PBXBuildFile; fileRef = 13AA9DFA29EED78800C5B569 /* listApiCombineUITests.swift */; };
		13AA9DFD29EED78800C5B569 /* listApiCombineUITestsLaunchTests.swift in Sources */ = {isa = PBXBuildFile; fileRef = 13AA9DFC29EED78800C5B569 /* listApiCombineUITestsLaunchTests.swift */; };
		13AA9E0A29EED7D900C5B569 /* rowCell.swift in Sources */ = {isa = PBXBuildFile; fileRef = 13AA9E0929EED7D900C5B569 /* rowCell.swift */; };
		13AA9E0F29EEDE2900C5B569 /* usersManager.swift in Sources */ = {isa = PBXBuildFile; fileRef = 13AA9E0E29EEDE2900C5B569 /* usersManager.swift */; };
		13AA9E1129EEDE3E00C5B569 /* userData.swift in Sources */ = {isa = PBXBuildFile; fileRef = 13AA9E1029EEDE3E00C5B569 /* userData.swift */; };
		13BA7FF729EFF18700AA68BA /* URLImage in Frameworks */ = {isa = PBXBuildFile; productRef = 13BA7FF629EFF18700AA68BA /* URLImage */; };
		13BA7FF929EFF18700AA68BA /* URLImageStore in Frameworks */ = {isa = PBXBuildFile; productRef = 13BA7FF829EFF18700AA68BA /* URLImageStore */; };
		13BA7FFB29F009D200AA68BA /* searshItem.swift in Sources */ = {isa = PBXBuildFile; fileRef = 13BA7FFA29F009D200AA68BA /* searshItem.swift */; };
		13BA7FFD29F00CFB00AA68BA /* searshBar.swift in Sources */ = {isa = PBXBuildFile; fileRef = 13BA7FFC29F00CFB00AA68BA /* searshBar.swift */; };
/* End PBXBuildFile section */

/* Begin PBXContainerItemProxy section */
		13AA9DED29EED78800C5B569 /* PBXContainerItemProxy */ = {
			isa = PBXContainerItemProxy;
			containerPortal = 13AA9DD429EED78200C5B569 /* Project object */;
			proxyType = 1;
			remoteGlobalIDString = 13AA9DDB29EED78200C5B569;
			remoteInfo = listApiCombine;
		};
		13AA9DF729EED78800C5B569 /* PBXContainerItemProxy */ = {
			isa = PBXContainerItemProxy;
			containerPortal = 13AA9DD429EED78200C5B569 /* Project object */;
			proxyType = 1;
			remoteGlobalIDString = 13AA9DDB29EED78200C5B569;
			remoteInfo = listApiCombine;
		};
/* End PBXContainerItemProxy section */

/* Begin PBXFileReference section */
		13AA9DDC29EED78200C5B569 /* listApiCombine.app */ = {isa = PBXFileReference; explicitFileType = wrapper.application; includeInIndex = 0; path = listApiCombine.app; sourceTree = BUILT_PRODUCTS_DIR; };
		13AA9DDF29EED78200C5B569 /* listApiCombineApp.swift */ = {isa = PBXFileReference; lastKnownFileType = sourcecode.swift; path = listApiCombineApp.swift; sourceTree = "<group>"; };
		13AA9DE129EED78200C5B569 /* ContentView.swift */ = {isa = PBXFileReference; lastKnownFileType = sourcecode.swift; path = ContentView.swift; sourceTree = "<group>"; };
		13AA9DE329EED78700C5B569 /* Assets.xcassets */ = {isa = PBXFileReference; lastKnownFileType = folder.assetcatalog; path = Assets.xcassets; sourceTree = "<group>"; };
		13AA9DE629EED78700C5B569 /* Preview Assets.xcassets */ = {isa = PBXFileReference; lastKnownFileType = folder.assetcatalog; path = "Preview Assets.xcassets"; sourceTree = "<group>"; };
		13AA9DEC29EED78800C5B569 /* listApiCombineTests.xctest */ = {isa = PBXFileReference; explicitFileType = wrapper.cfbundle; includeInIndex = 0; path = listApiCombineTests.xctest; sourceTree = BUILT_PRODUCTS_DIR; };
		13AA9DF029EED78800C5B569 /* listApiCombineTests.swift */ = {isa = PBXFileReference; lastKnownFileType = sourcecode.swift; path = listApiCombineTests.swift; sourceTree = "<group>"; };
		13AA9DF629EED78800C5B569 /* listApiCombineUITests.xctest */ = {isa = PBXFileReference; explicitFileType = wrapper.cfbundle; includeInIndex = 0; path = listApiCombineUITests.xctest; sourceTree = BUILT_PRODUCTS_DIR; };
		13AA9DFA29EED78800C5B569 /* listApiCombineUITests.swift */ = {isa = PBXFileReference; lastKnownFileType = sourcecode.swift; path = listApiCombineUITests.swift; sourceTree = "<group>"; };
		13AA9DFC29EED78800C5B569 /* listApiCombineUITestsLaunchTests.swift */ = {isa = PBXFileReference; lastKnownFileType = sourcecode.swift; path = listApiCombineUITestsLaunchTests.swift; sourceTree = "<group>"; };
		13AA9E0929EED7D900C5B569 /* rowCell.swift */ = {isa = PBXFileReference; lastKnownFileType = sourcecode.swift; path = rowCell.swift; sourceTree = "<group>"; };
		13AA9E0E29EEDE2900C5B569 /* usersManager.swift */ = {isa = PBXFileReference; lastKnownFileType = sourcecode.swift; path = usersManager.swift; sourceTree = "<group>"; };
		13AA9E1029EEDE3E00C5B569 /* userData.swift */ = {isa = PBXFileReference; lastKnownFileType = sourcecode.swift; path = userData.swift; sourceTree = "<group>"; };
		13BA7FFA29F009D200AA68BA /* searshItem.swift */ = {isa = PBXFileReference; lastKnownFileType = sourcecode.swift; path = searshItem.swift; sourceTree = "<group>"; };
		13BA7FFC29F00CFB00AA68BA /* searshBar.swift */ = {isa = PBXFileReference; lastKnownFileType = sourcecode.swift; path = searshBar.swift; sourceTree = "<group>"; };
/* End PBXFileReference section */

/* Begin PBXFrameworksBuildPhase section */
		13AA9DD929EED78200C5B569 /* Frameworks */ = {
			isa = PBXFrameworksBuildPhase;
			buildActionMask = 2147483647;
			files = (
				13BA7FF929EFF18700AA68BA /* URLImageStore in Frameworks */,
				13BA7FF729EFF18700AA68BA /* URLImage in Frameworks */,
			);
			runOnlyForDeploymentPostprocessing = 0;
		};
		13AA9DE929EED78800C5B569 /* Frameworks */ = {
			isa = PBXFrameworksBuildPhase;
			buildActionMask = 2147483647;
			files = (
			);
			runOnlyForDeploymentPostprocessing = 0;
		};
		13AA9DF329EED78800C5B569 /* Frameworks */ = {
			isa = PBXFrameworksBuildPhase;
			buildActionMask = 2147483647;
			files = (
			);
			runOnlyForDeploymentPostprocessing = 0;
		};
/* End PBXFrameworksBuildPhase section */

/* Begin PBXGroup section */
		13AA9DD329EED78200C5B569 = {
			isa = PBXGroup;
			children = (
				13AA9DDE29EED78200C5B569 /* listApiCombine */,
				13AA9DEF29EED78800C5B569 /* listApiCombineTests */,
				13AA9DF929EED78800C5B569 /* listApiCombineUITests */,
				13AA9DDD29EED78200C5B569 /* Products */,
			);
			sourceTree = "<group>";
		};
		13AA9DDD29EED78200C5B569 /* Products */ = {
			isa = PBXGroup;
			children = (
				13AA9DDC29EED78200C5B569 /* listApiCombine.app */,
				13AA9DEC29EED78800C5B569 /* listApiCombineTests.xctest */,
				13AA9DF629EED78800C5B569 /* listApiCombineUITests.xctest */,
			);
			name = Products;
			sourceTree = "<group>";
		};
		13AA9DDE29EED78200C5B569 /* listApiCombine */ = {
			isa = PBXGroup;
			children = (
				13AA9E0C29EEDCC300C5B569 /* Model */,
				13AA9E0D29EEDDE600C5B569 /* View */,
				13AA9DDF29EED78200C5B569 /* listApiCombineApp.swift */,
				13AA9DE129EED78200C5B569 /* ContentView.swift */,
				13AA9E0929EED7D900C5B569 /* rowCell.swift */,
				13AA9DE329EED78700C5B569 /* Assets.xcassets */,
				13AA9DE529EED78700C5B569 /* Preview Content */,
				13BA7FFC29F00CFB00AA68BA /* searshBar.swift */,
			);
			path = listApiCombine;
			sourceTree = "<group>";
		};
		13AA9DE529EED78700C5B569 /* Preview Content */ = {
			isa = PBXGroup;
			children = (
				13AA9DE629EED78700C5B569 /* Preview Assets.xcassets */,
			);
			path = "Preview Content";
			sourceTree = "<group>";
		};
		13AA9DEF29EED78800C5B569 /* listApiCombineTests */ = {
			isa = PBXGroup;
			children = (
				13AA9DF029EED78800C5B569 /* listApiCombineTests.swift */,
			);
			path = listApiCombineTests;
			sourceTree = "<group>";
		};
		13AA9DF929EED78800C5B569 /* listApiCombineUITests */ = {
			isa = PBXGroup;
			children = (
				13AA9DFA29EED78800C5B569 /* listApiCombineUITests.swift */,
				13AA9DFC29EED78800C5B569 /* listApiCombineUITestsLaunchTests.swift */,
			);
			path = listApiCombineUITests;
			sourceTree = "<group>";
		};
		13AA9E0C29EEDCC300C5B569 /* Model */ = {
			isa = PBXGroup;
			children = (
				13AA9E0E29EEDE2900C5B569 /* usersManager.swift */,
				13AA9E1029EEDE3E00C5B569 /* userData.swift */,
				13BA7FFA29F009D200AA68BA /* searshItem.swift */,
			);
			path = Model;
			sourceTree = "<group>";
		};
		13AA9E0D29EEDDE600C5B569 /* View */ = {
			isa = PBXGroup;
			children = (
			);
			path = View;
			sourceTree = "<group>";
		};
/* End PBXGroup section */

/* Begin PBXNativeTarget section */
		13AA9DDB29EED78200C5B569 /* listApiCombine */ = {
			isa = PBXNativeTarget;
			buildConfigurationList = 13AA9E0029EED78800C5B569 /* Build configuration list for PBXNativeTarget "listApiCombine" */;
			buildPhases = (
				13AA9DD829EED78200C5B569 /* Sources */,
				13AA9DD929EED78200C5B569 /* Frameworks */,
				13AA9DDA29EED78200C5B569 /* Resources */,
			);
			buildRules = (
			);
			dependencies = (
			);
			name = listApiCombine;
			packageProductDependencies = (
				13BA7FF629EFF18700AA68BA /* URLImage */,
				13BA7FF829EFF18700AA68BA /* URLImageStore */,
			);
			productName = listApiCombine;
			productReference = 13AA9DDC29EED78200C5B569 /* listApiCombine.app */;
			productType = "com.apple.product-type.application";
		};
		13AA9DEB29EED78800C5B569 /* listApiCombineTests */ = {
			isa = PBXNativeTarget;
			buildConfigurationList = 13AA9E0329EED78800C5B569 /* Build configuration list for PBXNativeTarget "listApiCombineTests" */;
			buildPhases = (
				13AA9DE829EED78800C5B569 /* Sources */,
				13AA9DE929EED78800C5B569 /* Frameworks */,
				13AA9DEA29EED78800C5B569 /* Resources */,
			);
			buildRules = (
			);
			dependencies = (
				13AA9DEE29EED78800C5B569 /* PBXTargetDependency */,
			);
			name = listApiCombineTests;
			productName = listApiCombineTests;
			productReference = 13AA9DEC29EED78800C5B569 /* listApiCombineTests.xctest */;
			productType = "com.apple.product-type.bundle.unit-test";
		};
		13AA9DF529EED78800C5B569 /* listApiCombineUITests */ = {
			isa = PBXNativeTarget;
			buildConfigurationList = 13AA9E0629EED78800C5B569 /* Build configuration list for PBXNativeTarget "listApiCombineUITests" */;
			buildPhases = (
				13AA9DF229EED78800C5B569 /* Sources */,
				13AA9DF329EED78800C5B569 /* Frameworks */,
				13AA9DF429EED78800C5B569 /* Resources */,
			);
			buildRules = (
			);
			dependencies = (
				13AA9DF829EED78800C5B569 /* PBXTargetDependency */,
			);
			name = listApiCombineUITests;
			productName = listApiCombineUITests;
			productReference = 13AA9DF629EED78800C5B569 /* listApiCombineUITests.xctest */;
			productType = "com.apple.product-type.bundle.ui-testing";
		};
/* End PBXNativeTarget section */

/* Begin PBXProject section */
		13AA9DD429EED78200C5B569 /* Project object */ = {
			isa = PBXProject;
			attributes = {
				BuildIndependentTargetsInParallel = 1;
				LastSwiftUpdateCheck = 1420;
				LastUpgradeCheck = 1420;
				TargetAttributes = {
					13AA9DDB29EED78200C5B569 = {
						CreatedOnToolsVersion = 14.2;
					};
					13AA9DEB29EED78800C5B569 = {
						CreatedOnToolsVersion = 14.2;
						TestTargetID = 13AA9DDB29EED78200C5B569;
					};
					13AA9DF529EED78800C5B569 = {
						CreatedOnToolsVersion = 14.2;
						TestTargetID = 13AA9DDB29EED78200C5B569;
					};
				};
			};
			buildConfigurationList = 13AA9DD729EED78200C5B569 /* Build configuration list for PBXProject "listApiCombine" */;
			compatibilityVersion = "Xcode 14.0";
			developmentRegion = en;
			hasScannedForEncodings = 0;
			knownRegions = (
				en,
				Base,
			);
			mainGroup = 13AA9DD329EED78200C5B569;
			packageReferences = (
				13BA7FF529EFF18700AA68BA /* XCRemoteSwiftPackageReference "url-image" */,
			);
			productRefGroup = 13AA9DDD29EED78200C5B569 /* Products */;
			projectDirPath = "";
			projectRoot = "";
			targets = (
				13AA9DDB29EED78200C5B569 /* listApiCombine */,
				13AA9DEB29EED78800C5B569 /* listApiCombineTests */,
				13AA9DF529EED78800C5B569 /* listApiCombineUITests */,
			);
		};
/* End PBXProject section */

/* Begin PBXResourcesBuildPhase section */
		13AA9DDA29EED78200C5B569 /* Resources */ = {
			isa = PBXResourcesBuildPhase;
			buildActionMask = 2147483647;
			files = (
				13AA9DE729EED78700C5B569 /* Preview Assets.xcassets in Resources */,
				13AA9DE429EED78700C5B569 /* Assets.xcassets in Resources */,
			);
			runOnlyForDeploymentPostprocessing = 0;
		};
		13AA9DEA29EED78800C5B569 /* Resources */ = {
			isa = PBXResourcesBuildPhase;
			buildActionMask = 2147483647;
			files = (
			);
			runOnlyForDeploymentPostprocessing = 0;
		};
		13AA9DF429EED78800C5B569 /* Resources */ = {
			isa = PBXResourcesBuildPhase;
			buildActionMask = 2147483647;
			files = (
			);
			runOnlyForDeploymentPostprocessing = 0;
		};
/* End PBXResourcesBuildPhase section */

/* Begin PBXSourcesBuildPhase section */
		13AA9DD829EED78200C5B569 /* Sources */ = {
			isa = PBXSourcesBuildPhase;
			buildActionMask = 2147483647;
			files = (
				13BA7FFB29F009D200AA68BA /* searshItem.swift in Sources */,
				13BA7FFD29F00CFB00AA68BA /* searshBar.swift in Sources */,
				13AA9DE229EED78200C5B569 /* ContentView.swift in Sources */,
				13AA9E0A29EED7D900C5B569 /* rowCell.swift in Sources */,
				13AA9E0F29EEDE2900C5B569 /* usersManager.swift in Sources */,
				13AA9E1129EEDE3E00C5B569 /* userData.swift in Sources */,
				13AA9DE029EED78200C5B569 /* listApiCombineApp.swift in Sources */,
			);
			runOnlyForDeploymentPostprocessing = 0;
		};
		13AA9DE829EED78800C5B569 /* Sources */ = {
			isa = PBXSourcesBuildPhase;
			buildActionMask = 2147483647;
			files = (
				13AA9DF129EED78800C5B569 /* listApiCombineTests.swift in Sources */,
			);
			runOnlyForDeploymentPostprocessing = 0;
		};
		13AA9DF229EED78800C5B569 /* Sources */ = {
			isa = PBXSourcesBuildPhase;
			buildActionMask = 2147483647;
			files = (
				13AA9DFB29EED78800C5B569 /* listApiCombineUITests.swift in Sources */,
				13AA9DFD29EED78800C5B569 /* listApiCombineUITestsLaunchTests.swift in Sources */,
			);
			runOnlyForDeploymentPostprocessing = 0;
		};
/* End PBXSourcesBuildPhase section */

/* Begin PBXTargetDependency section */
		13AA9DEE29EED78800C5B569 /* PBXTargetDependency */ = {
			isa = PBXTargetDependency;
			target = 13AA9DDB29EED78200C5B569 /* listApiCombine */;
			targetProxy = 13AA9DED29EED78800C5B569 /* PBXContainerItemProxy */;
		};
		13AA9DF829EED78800C5B569 /* PBXTargetDependency */ = {
			isa = PBXTargetDependency;
			target = 13AA9DDB29EED78200C5B569 /* listApiCombine */;
			targetProxy = 13AA9DF729EED78800C5B569 /* PBXContainerItemProxy */;
		};
/* End PBXTargetDependency section */

/* Begin XCBuildConfiguration section */
		13AA9DFE29EED78800C5B569 /* Debug */ = {
			isa = XCBuildConfiguration;
			buildSettings = {
				ALWAYS_SEARCH_USER_PATHS = NO;
				CLANG_ANALYZER_NONNULL = YES;
				CLANG_ANALYZER_NUMBER_OBJECT_CONVERSION = YES_AGGRESSIVE;
				CLANG_CXX_LANGUAGE_STANDARD = "gnu++20";
				CLANG_ENABLE_MODULES = YES;
				CLANG_ENABLE_OBJC_ARC = YES;
				CLANG_ENABLE_OBJC_WEAK = YES;
				CLANG_WARN_BLOCK_CAPTURE_AUTORELEASING = YES;
				CLANG_WARN_BOOL_CONVERSION = YES;
				CLANG_WARN_COMMA = YES;
				CLANG_WARN_CONSTANT_CONVERSION = YES;
				CLANG_WARN_DEPRECATED_OBJC_IMPLEMENTATIONS = YES;
				CLANG_WARN_DIRECT_OBJC_ISA_USAGE = YES_ERROR;
				CLANG_WARN_DOCUMENTATION_COMMENTS = YES;
				CLANG_WARN_EMPTY_BODY = YES;
				CLANG_WARN_ENUM_CONVERSION = YES;
				CLANG_WARN_INFINITE_RECURSION = YES;
				CLANG_WARN_INT_CONVERSION = YES;
				CLANG_WARN_NON_LITERAL_NULL_CONVERSION = YES;
				CLANG_WARN_OBJC_IMPLICIT_RETAIN_SELF = YES;
				CLANG_WARN_OBJC_LITERAL_CONVERSION = YES;
				CLANG_WARN_OBJC_ROOT_CLASS = YES_ERROR;
				CLANG_WARN_QUOTED_INCLUDE_IN_FRAMEWORK_HEADER = YES;
				CLANG_WARN_RANGE_LOOP_ANALYSIS = YES;
				CLANG_WARN_STRICT_PROTOTYPES = YES;
				CLANG_WARN_SUSPICIOUS_MOVE = YES;
				CLANG_WARN_UNGUARDED_AVAILABILITY = YES_AGGRESSIVE;
				CLANG_WARN_UNREACHABLE_CODE = YES;
				CLANG_WARN__DUPLICATE_METHOD_MATCH = YES;
				COPY_PHASE_STRIP = NO;
				DEBUG_INFORMATION_FORMAT = dwarf;
				ENABLE_STRICT_OBJC_MSGSEND = YES;
				ENABLE_TESTABILITY = YES;
				GCC_C_LANGUAGE_STANDARD = gnu11;
				GCC_DYNAMIC_NO_PIC = NO;
				GCC_NO_COMMON_BLOCKS = YES;
				GCC_OPTIMIZATION_LEVEL = 0;
				GCC_PREPROCESSOR_DEFINITIONS = (
					"DEBUG=1",
					"$(inherited)",
				);
				GCC_WARN_64_TO_32_BIT_CONVERSION = YES;
				GCC_WARN_ABOUT_RETURN_TYPE = YES_ERROR;
				GCC_WARN_UNDECLARED_SELECTOR = YES;
				GCC_WARN_UNINITIALIZED_AUTOS = YES_AGGRESSIVE;
				GCC_WARN_UNUSED_FUNCTION = YES;
				GCC_WARN_UNUSED_VARIABLE = YES;
				IPHONEOS_DEPLOYMENT_TARGET = 16.2;
				MTL_ENABLE_DEBUG_INFO = INCLUDE_SOURCE;
				MTL_FAST_MATH = YES;
				ONLY_ACTIVE_ARCH = YES;
				SDKROOT = iphoneos;
				SWIFT_ACTIVE_COMPILATION_CONDITIONS = DEBUG;
				SWIFT_OPTIMIZATION_LEVEL = "-Onone";
			};
			name = Debug;
		};
		13AA9DFF29EED78800C5B569 /* Release */ = {
			isa = XCBuildConfiguration;
			buildSettings = {
				ALWAYS_SEARCH_USER_PATHS = NO;
				CLANG_ANALYZER_NONNULL = YES;
				CLANG_ANALYZER_NUMBER_OBJECT_CONVERSION = YES_AGGRESSIVE;
				CLANG_CXX_LANGUAGE_STANDARD = "gnu++20";
				CLANG_ENABLE_MODULES = YES;
				CLANG_ENABLE_OBJC_ARC = YES;
				CLANG_ENABLE_OBJC_WEAK = YES;
				CLANG_WARN_BLOCK_CAPTURE_AUTORELEASING = YES;
				CLANG_WARN_BOOL_CONVERSION = YES;
				CLANG_WARN_COMMA = YES;
				CLANG_WARN_CONSTANT_CONVERSION = YES;
				CLANG_WARN_DEPRECATED_OBJC_IMPLEMENTATIONS = YES;
				CLANG_WARN_DIRECT_OBJC_ISA_USAGE = YES_ERROR;
				CLANG_WARN_DOCUMENTATION_COMMENTS = YES;
				CLANG_WARN_EMPTY_BODY = YES;
				CLANG_WARN_ENUM_CONVERSION = YES;
				CLANG_WARN_INFINITE_RECURSION = YES;
				CLANG_WARN_INT_CONVERSION = YES;
				CLANG_WARN_NON_LITERAL_NULL_CONVERSION = YES;
				CLANG_WARN_OBJC_IMPLICIT_RETAIN_SELF = YES;
				CLANG_WARN_OBJC_LITERAL_CONVERSION = YES;
				CLANG_WARN_OBJC_ROOT_CLASS = YES_ERROR;
				CLANG_WARN_QUOTED_INCLUDE_IN_FRAMEWORK_HEADER = YES;
				CLANG_WARN_RANGE_LOOP_ANALYSIS = YES;
				CLANG_WARN_STRICT_PROTOTYPES = YES;
				CLANG_WARN_SUSPICIOUS_MOVE = YES;
				CLANG_WARN_UNGUARDED_AVAILABILITY = YES_AGGRESSIVE;
				CLANG_WARN_UNREACHABLE_CODE = YES;
				CLANG_WARN__DUPLICATE_METHOD_MATCH = YES;
				COPY_PHASE_STRIP = NO;
				DEBUG_INFORMATION_FORMAT = "dwarf-with-dsym";
				ENABLE_NS_ASSERTIONS = NO;
				ENABLE_STRICT_OBJC_MSGSEND = YES;
				GCC_C_LANGUAGE_STANDARD = gnu11;
				GCC_NO_COMMON_BLOCKS = YES;
				GCC_WARN_64_TO_32_BIT_CONVERSION = YES;
				GCC_WARN_ABOUT_RETURN_TYPE = YES_ERROR;
				GCC_WARN_UNDECLARED_SELECTOR = YES;
				GCC_WARN_UNINITIALIZED_AUTOS = YES_AGGRESSIVE;
				GCC_WARN_UNUSED_FUNCTION = YES;
				GCC_WARN_UNUSED_VARIABLE = YES;
				IPHONEOS_DEPLOYMENT_TARGET = 16.2;
				MTL_ENABLE_DEBUG_INFO = NO;
				MTL_FAST_MATH = YES;
				SDKROOT = iphoneos;
				SWIFT_COMPILATION_MODE = wholemodule;
				SWIFT_OPTIMIZATION_LEVEL = "-O";
				VALIDATE_PRODUCT = YES;
			};
			name = Release;
		};
		13AA9E0129EED78800C5B569 /* Debug */ = {
			isa = XCBuildConfiguration;
			buildSettings = {
				ASSETCATALOG_COMPILER_APPICON_NAME = AppIcon;
				ASSETCATALOG_COMPILER_GLOBAL_ACCENT_COLOR_NAME = AccentColor;
				CODE_SIGN_STYLE = Automatic;
				CURRENT_PROJECT_VERSION = 1;
				DEVELOPMENT_ASSET_PATHS = "\"listApiCombine/Preview Content\"";
				ENABLE_PREVIEWS = YES;
				GENERATE_INFOPLIST_FILE = YES;
				INFOPLIST_KEY_UIApplicationSceneManifest_Generation = YES;
				INFOPLIST_KEY_UIApplicationSupportsIndirectInputEvents = YES;
				INFOPLIST_KEY_UILaunchScreen_Generation = YES;
				INFOPLIST_KEY_UISupportedInterfaceOrientations_iPad = "UIInterfaceOrientationPortrait UIInterfaceOrientationPortraitUpsideDown UIInterfaceOrientationLandscapeLeft UIInterfaceOrientationLandscapeRight";
				INFOPLIST_KEY_UISupportedInterfaceOrientations_iPhone = "UIInterfaceOrientationPortrait UIInterfaceOrientationLandscapeLeft UIInterfaceOrientationLandscapeRight";
				LD_RUNPATH_SEARCH_PATHS = (
					"$(inherited)",
					"@executable_path/Frameworks",
				);
				MARKETING_VERSION = 1.0;
				PRODUCT_BUNDLE_IDENTIFIER = LachkarZakaria.listApiCombine;
				PRODUCT_NAME = "$(TARGET_NAME)";
				SWIFT_EMIT_LOC_STRINGS = YES;
				SWIFT_VERSION = 5.0;
				TARGETED_DEVICE_FAMILY = "1,2";
			};
			name = Debug;
		};
		13AA9E0229EED78800C5B569 /* Release */ = {
			isa = XCBuildConfiguration;
			buildSettings = {
				ASSETCATALOG_COMPILER_APPICON_NAME = AppIcon;
				ASSETCATALOG_COMPILER_GLOBAL_ACCENT_COLOR_NAME = AccentColor;
				CODE_SIGN_STYLE = Automatic;
				CURRENT_PROJECT_VERSION = 1;
				DEVELOPMENT_ASSET_PATHS = "\"listApiCombine/Preview Content\"";
				ENABLE_PREVIEWS = YES;
				GENERATE_INFOPLIST_FILE = YES;
				INFOPLIST_KEY_UIApplicationSceneManifest_Generation = YES;
				INFOPLIST_KEY_UIApplicationSupportsIndirectInputEvents = YES;
				INFOPLIST_KEY_UILaunchScreen_Generation = YES;
				INFOPLIST_KEY_UISupportedInterfaceOrientations_iPad = "UIInterfaceOrientationPortrait UIInterfaceOrientationPortraitUpsideDown UIInterfaceOrientationLandscapeLeft UIInterfaceOrientationLandscapeRight";
				INFOPLIST_KEY_UISupportedInterfaceOrientations_iPhone = "UIInterfaceOrientationPortrait UIInterfaceOrientationLandscapeLeft UIInterfaceOrientationLandscapeRight";
				LD_RUNPATH_SEARCH_PATHS = (
					"$(inherited)",
					"@executable_path/Frameworks",
				);
				MARKETING_VERSION = 1.0;
				PRODUCT_BUNDLE_IDENTIFIER = LachkarZakaria.listApiCombine;
				PRODUCT_NAME = "$(TARGET_NAME)";
				SWIFT_EMIT_LOC_STRINGS = YES;
				SWIFT_VERSION = 5.0;
				TARGETED_DEVICE_FAMILY = "1,2";
			};
			name = Release;
		};
		13AA9E0429EED78800C5B569 /* Debug */ = {
			isa = XCBuildConfiguration;
			buildSettings = {
				ALWAYS_EMBED_SWIFT_STANDARD_LIBRARIES = YES;
				BUNDLE_LOADER = "$(TEST_HOST)";
				CODE_SIGN_STYLE = Automatic;
				CURRENT_PROJECT_VERSION = 1;
				GENERATE_INFOPLIST_FILE = YES;
				IPHONEOS_DEPLOYMENT_TARGET = 16.2;
				MARKETING_VERSION = 1.0;
				PRODUCT_BUNDLE_IDENTIFIER = LachkarZakaria.listApiCombineTests;
				PRODUCT_NAME = "$(TARGET_NAME)";
				SWIFT_EMIT_LOC_STRINGS = NO;
				SWIFT_VERSION = 5.0;
				TARGETED_DEVICE_FAMILY = "1,2";
				TEST_HOST = "$(BUILT_PRODUCTS_DIR)/listApiCombine.app/$(BUNDLE_EXECUTABLE_FOLDER_PATH)/listApiCombine";
			};
			name = Debug;
		};
		13AA9E0529EED78800C5B569 /* Release */ = {
			isa = XCBuildConfiguration;
			buildSettings = {
				ALWAYS_EMBED_SWIFT_STANDARD_LIBRARIES = YES;
				BUNDLE_LOADER = "$(TEST_HOST)";
				CODE_SIGN_STYLE = Automatic;
				CURRENT_PROJECT_VERSION = 1;
				GENERATE_INFOPLIST_FILE = YES;
				IPHONEOS_DEPLOYMENT_TARGET = 16.2;
				MARKETING_VERSION = 1.0;
				PRODUCT_BUNDLE_IDENTIFIER = LachkarZakaria.listApiCombineTests;
				PRODUCT_NAME = "$(TARGET_NAME)";
				SWIFT_EMIT_LOC_STRINGS = NO;
				SWIFT_VERSION = 5.0;
				TARGETED_DEVICE_FAMILY = "1,2";
				TEST_HOST = "$(BUILT_PRODUCTS_DIR)/listApiCombine.app/$(BUNDLE_EXECUTABLE_FOLDER_PATH)/listApiCombine";
			};
			name = Release;
		};
		13AA9E0729EED78800C5B569 /* Debug */ = {
			isa = XCBuildConfiguration;
			buildSettings = {
				ALWAYS_EMBED_SWIFT_STANDARD_LIBRARIES = YES;
				CODE_SIGN_STYLE = Automatic;
				CURRENT_PROJECT_VERSION = 1;
				GENERATE_INFOPLIST_FILE = YES;
				MARKETING_VERSION = 1.0;
				PRODUCT_BUNDLE_IDENTIFIER = LachkarZakaria.listApiCombineUITests;
				PRODUCT_NAME = "$(TARGET_NAME)";
				SWIFT_EMIT_LOC_STRINGS = NO;
				SWIFT_VERSION = 5.0;
				TARGETED_DEVICE_FAMILY = "1,2";
				TEST_TARGET_NAME = listApiCombine;
			};
			name = Debug;
		};
		13AA9E0829EED78800C5B569 /* Release */ = {
			isa = XCBuildConfiguration;
			buildSettings = {
				ALWAYS_EMBED_SWIFT_STANDARD_LIBRARIES = YES;
				CODE_SIGN_STYLE = Automatic;
				CURRENT_PROJECT_VERSION = 1;
				GENERATE_INFOPLIST_FILE = YES;
				MARKETING_VERSION = 1.0;
				PRODUCT_BUNDLE_IDENTIFIER = LachkarZakaria.listApiCombineUITests;
				PRODUCT_NAME = "$(TARGET_NAME)";
				SWIFT_EMIT_LOC_STRINGS = NO;
				SWIFT_VERSION = 5.0;
				TARGETED_DEVICE_FAMILY = "1,2";
				TEST_TARGET_NAME = listApiCombine;
			};
			name = Release;
		};
/* End XCBuildConfiguration section */

/* Begin XCConfigurationList section */
		13AA9DD729EED78200C5B569 /* Build configuration list for PBXProject "listApiCombine" */ = {
			isa = XCConfigurationList;
			buildConfigurations = (
				13AA9DFE29EED78800C5B569 /* Debug */,
				13AA9DFF29EED78800C5B569 /* Release */,
			);
			defaultConfigurationIsVisible = 0;
			defaultConfigurationName = Release;
		};
		13AA9E0029EED78800C5B569 /* Build configuration list for PBXNativeTarget "listApiCombine" */ = {
			isa = XCConfigurationList;
			buildConfigurations = (
				13AA9E0129EED78800C5B569 /* Debug */,
				13AA9E0229EED78800C5B569 /* Release */,
			);
			defaultConfigurationIsVisible = 0;
			defaultConfigurationName = Release;
		};
		13AA9E0329EED78800C5B569 /* Build configuration list for PBXNativeTarget "listApiCombineTests" */ = {
			isa = XCConfigurationList;
			buildConfigurations = (
				13AA9E0429EED78800C5B569 /* Debug */,
				13AA9E0529EED78800C5B569 /* Release */,
			);
			defaultConfigurationIsVisible = 0;
			defaultConfigurationName = Release;
		};
		13AA9E0629EED78800C5B569 /* Build configuration list for PBXNativeTarget "listApiCombineUITests" */ = {
			isa = XCConfigurationList;
			buildConfigurations = (
				13AA9E0729EED78800C5B569 /* Debug */,
				13AA9E0829EED78800C5B569 /* Release */,
			);
			defaultConfigurationIsVisible = 0;
			defaultConfigurationName = Release;
		};
/* End XCConfigurationList section */

/* Begin XCRemoteSwiftPackageReference section */
		13BA7FF529EFF18700AA68BA /* XCRemoteSwiftPackageReference "url-image" */ = {
			isa = XCRemoteSwiftPackageReference;
			repositoryURL = "https://github.com/dmytro-anokhin/url-image.git";
			requirement = {
				kind = upToNextMajorVersion;
				minimumVersion = 3.0.0;
			};
		};
/* End XCRemoteSwiftPackageReference section */

/* Begin XCSwiftPackageProductDependency section */
		13BA7FF629EFF18700AA68BA /* URLImage */ = {
			isa = XCSwiftPackageProductDependency;
			package = 13BA7FF529EFF18700AA68BA /* XCRemoteSwiftPackageReference "url-image" */;
			productName = URLImage;
		};
		13BA7FF829EFF18700AA68BA /* URLImageStore */ = {
			isa = XCSwiftPackageProductDependency;
			package = 13BA7FF529EFF18700AA68BA /* XCRemoteSwiftPackageReference "url-image" */;
			productName = URLImageStore;
		};
/* End XCSwiftPackageProductDependency section */
	};
	rootObject = 13AA9DD429EED78200C5B569 /* Project object */;
}
